
Microsoft Visual Studio Solution File, Format Version 12.00
Project("{FAE04EC0-301F-11D3-BF4B-00C04F79EFBC}") = "TinyUrl.Api", "TinyUrl.Api\TinyUrl.Api.csproj", "{BF6D5CFD-72E7-43DD-B971-B4C64BB7E99B}"
EndProject
Project("{2150E333-8FDC-42A3-9474-1A3956D46DE8}") = "Identity", "Identity", "{A231DB84-4E48-4C80-B1E0-6056B0A0F700}"
EndProject
Project("{2150E333-8FDC-42A3-9474-1A3956D46DE8}") = "Core", "Core", "{F98188DA-F8DC-4441-992F-5D12F232B6C8}"
EndProject
Project("{FAE04EC0-301F-11D3-BF4B-00C04F79EFBC}") = "TinyUrl.Identity.Core.Domain", "Identity\Core\TinyUrl.Identity.Core.Domain\TinyUrl.Identity.Core.Domain.csproj", "{A9816B12-0DC8-4F71-BA6B-D699E4CEE5D5}"
EndProject
Project("{FAE04EC0-301F-11D3-BF4B-00C04F79EFBC}") = "TinyUrl.Identity.Core.Application", "Identity\Core\TinyUrl.Identity.Core.Application\TinyUrl.Identity.Core.Application.csproj", "{2235ED6A-A8D2-4DD0-86CA-76F69A92C2F0}"
EndProject
Project("{2150E333-8FDC-42A3-9474-1A3956D46DE8}") = "External", "External", "{1C4CD1B3-25FA-418F-B7DD-274806B6BC55}"
EndProject
Project("{FAE04EC0-301F-11D3-BF4B-00C04F79EFBC}") = "TinyUrl.Identity.External.Infrastructure", "Identity\External\TinyUrl.Identity.External.Infrastructure\TinyUrl.Identity.External.Infrastructure.csproj", "{819AD7C6-73A9-4709-B6BE-0CBE1B694F36}"
EndProject
Global
	GlobalSection(SolutionConfigurationPlatforms) = preSolution
		Debug|Any CPU = Debug|Any CPU
		Release|Any CPU = Release|Any CPU
	EndGlobalSection
	GlobalSection(ProjectConfigurationPlatforms) = postSolution
		{BF6D5CFD-72E7-43DD-B971-B4C64BB7E99B}.Debug|Any CPU.ActiveCfg = Debug|Any CPU
		{BF6D5CFD-72E7-43DD-B971-B4C64BB7E99B}.Debug|Any CPU.Build.0 = Debug|Any CPU
		{BF6D5CFD-72E7-43DD-B971-B4C64BB7E99B}.Release|Any CPU.ActiveCfg = Release|Any CPU
		{BF6D5CFD-72E7-43DD-B971-B4C64BB7E99B}.Release|Any CPU.Build.0 = Release|Any CPU
		{A9816B12-0DC8-4F71-BA6B-D699E4CEE5D5}.Debug|Any CPU.ActiveCfg = Debug|Any CPU
		{A9816B12-0DC8-4F71-BA6B-D699E4CEE5D5}.Debug|Any CPU.Build.0 = Debug|Any CPU
		{A9816B12-0DC8-4F71-BA6B-D699E4CEE5D5}.Release|Any CPU.ActiveCfg = Release|Any CPU
		{A9816B12-0DC8-4F71-BA6B-D699E4CEE5D5}.Release|Any CPU.Build.0 = Release|Any CPU
		{2235ED6A-A8D2-4DD0-86CA-76F69A92C2F0}.Debug|Any CPU.ActiveCfg = Debug|Any CPU
		{2235ED6A-A8D2-4DD0-86CA-76F69A92C2F0}.Debug|Any CPU.Build.0 = Debug|Any CPU
		{2235ED6A-A8D2-4DD0-86CA-76F69A92C2F0}.Release|Any CPU.ActiveCfg = Release|Any CPU
		{2235ED6A-A8D2-4DD0-86CA-76F69A92C2F0}.Release|Any CPU.Build.0 = Release|Any CPU
		{819AD7C6-73A9-4709-B6BE-0CBE1B694F36}.Debug|Any CPU.ActiveCfg = Debug|Any CPU
		{819AD7C6-73A9-4709-B6BE-0CBE1B694F36}.Debug|Any CPU.Build.0 = Debug|Any CPU
		{819AD7C6-73A9-4709-B6BE-0CBE1B694F36}.Release|Any CPU.ActiveCfg = Release|Any CPU
		{819AD7C6-73A9-4709-B6BE-0CBE1B694F36}.Release|Any CPU.Build.0 = Release|Any CPU
	EndGlobalSection
	GlobalSection(NestedProjects) = preSolution
		{F98188DA-F8DC-4441-992F-5D12F232B6C8} = {A231DB84-4E48-4C80-B1E0-6056B0A0F700}
		{A9816B12-0DC8-4F71-BA6B-D699E4CEE5D5} = {F98188DA-F8DC-4441-992F-5D12F232B6C8}
		{2235ED6A-A8D2-4DD0-86CA-76F69A92C2F0} = {F98188DA-F8DC-4441-992F-5D12F232B6C8}
		{1C4CD1B3-25FA-418F-B7DD-274806B6BC55} = {A231DB84-4E48-4C80-B1E0-6056B0A0F700}
		{819AD7C6-73A9-4709-B6BE-0CBE1B694F36} = {1C4CD1B3-25FA-418F-B7DD-274806B6BC55}
	EndGlobalSection
EndGlobal
